// !$*UTF8*$!
{
	archiveVersion = 1;
	classes = {
	};
	objectVersion = 46;
	objects = {

/* Begin PBXBuildFile section */
		4C37150513F82B5E004B8958 /* TPMultiLayoutViewController.m in Sources */ = {isa = PBXBuildFile; fileRef = 4C37150413F82B5E004B8958 /* TPMultiLayoutViewController.m */; };
		4C41456D13F810C9005332D6 /* UIKit.framework in Frameworks */ = {isa = PBXBuildFile; fileRef = 4C41456C13F810C9005332D6 /* UIKit.framework */; };
		4C41456F13F810C9005332D6 /* Foundation.framework in Frameworks */ = {isa = PBXBuildFile; fileRef = 4C41456E13F810C9005332D6 /* Foundation.framework */; };
		4C41457113F810C9005332D6 /* CoreGraphics.framework in Frameworks */ = {isa = PBXBuildFile; fileRef = 4C41457013F810C9005332D6 /* CoreGraphics.framework */; };
		4C41457713F810CA005332D6 /* InfoPlist.strings in Resources */ = {isa = PBXBuildFile; fileRef = 4C41457513F810CA005332D6 /* InfoPlist.strings */; };
		4C41457913F810CA005332D6 /* main.m in Sources */ = {isa = PBXBuildFile; fileRef = 4C41457813F810CA005332D6 /* main.m */; };
		4C41457D13F810CA005332D6 /* TPMultiLayoutViewControllerTestAppDelegate.m in Sources */ = {isa = PBXBuildFile; fileRef = 4C41457C13F810CA005332D6 /* TPMultiLayoutViewControllerTestAppDelegate.m */; };
		4C41458013F810CA005332D6 /* MainWindow.xib in Resources */ = {isa = PBXBuildFile; fileRef = 4C41457E13F810CA005332D6 /* MainWindow.xib */; };
		4C41458313F810CA005332D6 /* TPMultiLayoutViewControllerTestViewController.m in Sources */ = {isa = PBXBuildFile; fileRef = 4C41458213F810CA005332D6 /* TPMultiLayoutViewControllerTestViewController.m */; };
		4C41458613F810CA005332D6 /* TPMultiLayoutViewControllerTestViewController.xib in Resources */ = {isa = PBXBuildFile; fileRef = 4C41458413F810CA005332D6 /* TPMultiLayoutViewControllerTestViewController.xib */; };
/* End PBXBuildFile section */

/* Begin PBXFileReference section */
		4C37150313F82B5E004B8958 /* TPMultiLayoutViewController.h */ = {isa = PBXFileReference; fileEncoding = 4; lastKnownFileType = sourcecode.c.h; path = TPMultiLayoutViewController.h; sourceTree = "<group>"; };
		4C37150413F82B5E004B8958 /* TPMultiLayoutViewController.m */ = {isa = PBXFileReference; fileEncoding = 4; lastKnownFileType = sourcecode.c.objc; path = TPMultiLayoutViewController.m; sourceTree = "<group>"; };
		4C41456813F810C9005332D6 /* TPMultiLayoutViewControllerTest.app */ = {isa = PBXFileReference; explicitFileType = wrapper.application; includeInIndex = 0; path = TPMultiLayoutViewControllerTest.app; sourceTree = BUILT_PRODUCTS_DIR; };
		4C41456C13F810C9005332D6 /* UIKit.framework */ = {isa = PBXFileReference; lastKnownFileType = wrapper.framework; name = UIKit.framework; path = System/Library/Frameworks/UIKit.framework; sourceTree = SDKROOT; };
		4C41456E13F810C9005332D6 /* Foundation.framework */ = {isa = PBXFileReference; lastKnownFileType = wrapper.framework; name = Foundation.framework; path = System/Library/Frameworks/Foundation.framework; sourceTree = SDKROOT; };
		4C41457013F810C9005332D6 /* CoreGraphics.framework */ = {isa = PBXFileReference; lastKnownFileType = wrapper.framework; name = CoreGraphics.framework; path = System/Library/Frameworks/CoreGraphics.framework; sourceTree = SDKROOT; };
		4C41457413F810CA005332D6 /* TPMultiLayoutViewControllerTest-Info.plist */ = {isa = PBXFileReference; lastKnownFileType = text.plist.xml; path = "TPMultiLayoutViewControllerTest-Info.plist"; sourceTree = "<group>"; };
		4C41457613F810CA005332D6 /* en */ = {isa = PBXFileReference; lastKnownFileType = text.plist.strings; name = en; path = en.lproj/InfoPlist.strings; sourceTree = "<group>"; };
		4C41457813F810CA005332D6 /* main.m */ = {isa = PBXFileReference; lastKnownFileType = sourcecode.c.objc; path = main.m; sourceTree = "<group>"; };
		4C41457A13F810CA005332D6 /* TPMultiLayoutViewControllerTest-Prefix.pch */ = {isa = PBXFileReference; lastKnownFileType = sourcecode.c.h; path = "TPMultiLayoutViewControllerTest-Prefix.pch"; sourceTree = "<group>"; };
		4C41457B13F810CA005332D6 /* TPMultiLayoutViewControllerTestAppDelegate.h */ = {isa = PBXFileReference; lastKnownFileType = sourcecode.c.h; path = TPMultiLayoutViewControllerTestAppDelegate.h; sourceTree = "<group>"; };
		4C41457C13F810CA005332D6 /* TPMultiLayoutViewControllerTestAppDelegate.m */ = {isa = PBXFileReference; lastKnownFileType = sourcecode.c.objc; path = TPMultiLayoutViewControllerTestAppDelegate.m; sourceTree = "<group>"; };
		4C41457F13F810CA005332D6 /* en */ = {isa = PBXFileReference; lastKnownFileType = file.xib; name = en; path = en.lproj/MainWindow.xib; sourceTree = "<group>"; };
		4C41458113F810CA005332D6 /* TPMultiLayoutViewControllerTestViewController.h */ = {isa = PBXFileReference; lastKnownFileType = sourcecode.c.h; path = TPMultiLayoutViewControllerTestViewController.h; sourceTree = "<group>"; };
		4C41458213F810CA005332D6 /* TPMultiLayoutViewControllerTestViewController.m */ = {isa = PBXFileReference; lastKnownFileType = sourcecode.c.objc; path = TPMultiLayoutViewControllerTestViewController.m; sourceTree = "<group>"; };
		4C41458513F810CA005332D6 /* en */ = {isa = PBXFileReference; lastKnownFileType = file.xib; name = en; path = en.lproj/TPMultiLayoutViewControllerTestViewController.xib; sourceTree = "<group>"; };
/* End PBXFileReference section */

/* Begin PBXFrameworksBuildPhase section */
		4C41456513F810C9005332D6 /* Frameworks */ = {
			isa = PBXFrameworksBuildPhase;
			buildActionMask = 2147483647;
			files = (
				4C41456D13F810C9005332D6 /* UIKit.framework in Frameworks */,
				4C41456F13F810C9005332D6 /* Foundation.framework in Frameworks */,
				4C41457113F810C9005332D6 /* CoreGraphics.framework in Frameworks */,
			);
			runOnlyForDeploymentPostprocessing = 0;
		};
/* End PBXFrameworksBuildPhase section */

/* Begin PBXGroup section */
		4C41455D13F810C9005332D6 = {
			isa = PBXGroup;
			children = (
				4C37150313F82B5E004B8958 /* TPMultiLayoutViewController.h */,
				4C37150413F82B5E004B8958 /* TPMultiLayoutViewController.m */,
				4C41457213F810C9005332D6 /* TPMultiLayoutViewControllerTest */,
				4C41456B13F810C9005332D6 /* Frameworks */,
				4C41456913F810C9005332D6 /* Products */,
			);
			sourceTree = "<group>";
		};
		4C41456913F810C9005332D6 /* Products */ = {
			isa = PBXGroup;
			children = (
				4C41456813F810C9005332D6 /* TPMultiLayoutViewControllerTest.app */,
			);
			name = Products;
			sourceTree = "<group>";
		};
		4C41456B13F810C9005332D6 /* Frameworks */ = {
			isa = PBXGroup;
			children = (
				4C41456C13F810C9005332D6 /* UIKit.framework */,
				4C41456E13F810C9005332D6 /* Foundation.framework */,
				4C41457013F810C9005332D6 /* CoreGraphics.framework */,
			);
			name = Frameworks;
			sourceTree = "<group>";
		};
		4C41457213F810C9005332D6 /* TPMultiLayoutViewControllerTest */ = {
			isa = PBXGroup;
			children = (
				4C41457B13F810CA005332D6 /* TPMultiLayoutViewControllerTestAppDelegate.h */,
				4C41457C13F810CA005332D6 /* TPMultiLayoutViewControllerTestAppDelegate.m */,
				4C41457E13F810CA005332D6 /* MainWindow.xib */,
				4C41458113F810CA005332D6 /* TPMultiLayoutViewControllerTestViewController.h */,
				4C41458213F810CA005332D6 /* TPMultiLayoutViewControllerTestViewController.m */,
				4C41458413F810CA005332D6 /* TPMultiLayoutViewControllerTestViewController.xib */,
				4C41457313F810C9005332D6 /* Supporting Files */,
			);
			path = TPMultiLayoutViewControllerTest;
			sourceTree = "<group>";
		};
		4C41457313F810C9005332D6 /* Supporting Files */ = {
			isa = PBXGroup;
			children = (
				4C41457413F810CA005332D6 /* TPMultiLayoutViewControllerTest-Info.plist */,
				4C41457513F810CA005332D6 /* InfoPlist.strings */,
				4C41457813F810CA005332D6 /* main.m */,
				4C41457A13F810CA005332D6 /* TPMultiLayoutViewControllerTest-Prefix.pch */,
			);
			name = "Supporting Files";
			sourceTree = "<group>";
		};
/* End PBXGroup section */

/* Begin PBXNativeTarget section */
		4C41456713F810C9005332D6 /* TPMultiLayoutViewControllerTest */ = {
			isa = PBXNativeTarget;
			buildConfigurationList = 4C41458913F810CA005332D6 /* Build configuration list for PBXNativeTarget "TPMultiLayoutViewControllerTest" */;
			buildPhases = (
				4C41456413F810C9005332D6 /* Sources */,
				4C41456513F810C9005332D6 /* Frameworks */,
				4C41456613F810C9005332D6 /* Resources */,
			);
			buildRules = (
			);
			dependencies = (
			);
			name = TPMultiLayoutViewControllerTest;
			productName = TPMultiLayoutViewControllerTest;
			productReference = 4C41456813F810C9005332D6 /* TPMultiLayoutViewControllerTest.app */;
			productType = "com.apple.product-type.application";
		};
/* End PBXNativeTarget section */

/* Begin PBXProject section */
		4C41455F13F810C9005332D6 /* Project object */ = {
			isa = PBXProject;
			buildConfigurationList = 4C41456213F810C9005332D6 /* Build configuration list for PBXProject "TPMultiLayoutViewControllerTest" */;
			compatibilityVersion = "Xcode 3.2";
			developmentRegion = English;
			hasScannedForEncodings = 0;
			knownRegions = (
				en,
			);
			mainGroup = 4C41455D13F810C9005332D6;
			productRefGroup = 4C41456913F810C9005332D6 /* Products */;
			projectDirPath = "";
			projectRoot = "";
			targets = (
				4C41456713F810C9005332D6 /* TPMultiLayoutViewControllerTest */,
			);
		};
/* End PBXProject section */

/* Begin PBXResourcesBuildPhase section */
		4C41456613F810C9005332D6 /* Resources */ = {
			isa = PBXResourcesBuildPhase;
			buildActionMask = 2147483647;
			files = (
				4C41457713F810CA005332D6 /* InfoPlist.strings in Resources */,
				4C41458013F810CA005332D6 /* MainWindow.xib in Resources */,
				4C41458613F810CA005332D6 /* TPMultiLayoutViewControllerTestViewController.xib in Resources */,
			);
			runOnlyForDeploymentPostprocessing = 0;
		};
/* End PBXResourcesBuildPhase section */

/* Begin PBXSourcesBuildPhase section */
		4C41456413F810C9005332D6 /* Sources */ = {
			isa = PBXSourcesBuildPhase;
			buildActionMask = 2147483647;
			files = (
				4C41457913F810CA005332D6 /* main.m in Sources */,
				4C41457D13F810CA005332D6 /* TPMultiLayoutViewControllerTestAppDelegate.m in Sources */,
				4C41458313F810CA005332D6 /* TPMultiLayoutViewControllerTestViewController.m in Sources */,
				4C37150513F82B5E004B8958 /* TPMultiLayoutViewController.m in Sources */,
			);
			runOnlyForDeploymentPostprocessing = 0;
		};
/* End PBXSourcesBuildPhase section */

/* Begin PBXVariantGroup section */
		4C41457513F810CA005332D6 /* InfoPlist.strings */ = {
			isa = PBXVariantGroup;
			children = (
				4C41457613F810CA005332D6 /* en */,
			);
			name = InfoPlist.strings;
			sourceTree = "<group>";
		};
		4C41457E13F810CA005332D6 /* MainWindow.xib */ = {
			isa = PBXVariantGroup;
			children = (
				4C41457F13F810CA005332D6 /* en */,
			);
			name = MainWindow.xib;
			sourceTree = "<group>";
		};
		4C41458413F810CA005332D6 /* TPMultiLayoutViewControllerTestViewController.xib */ = {
			isa = PBXVariantGroup;
			children = (
				4C41458513F810CA005332D6 /* en */,
			);
			name = TPMultiLayoutViewControllerTestViewController.xib;
			sourceTree = "<group>";
		};
/* End PBXVariantGroup section */

/* Begin XCBuildConfiguration section */
		4C41458713F810CA005332D6 /* Debug */ = {
			isa = XCBuildConfiguration;
			buildSettings = {
				ALWAYS_SEARCH_USER_PATHS = NO;
				ARCHS = "$(ARCHS_STANDARD_32_BIT)";
				"CODE_SIGN_IDENTITY[sdk=iphoneos*]" = "iPhone Developer";
				COPY_PHASE_STRIP = NO;
				GCC_C_LANGUAGE_STANDARD = gnu99;
				GCC_DYNAMIC_NO_PIC = NO;
				GCC_OPTIMIZATION_LEVEL = 0;
				GCC_PREPROCESSOR_DEFINITIONS = (
					"DEBUG=1",
					"$(inherited)",
				);
				GCC_SYMBOLS_PRIVATE_EXTERN = NO;
				GCC_VERSION = com.apple.compilers.llvmgcc42;
				GCC_WARN_ABOUT_MISSING_PROTOTYPES = YES;
				GCC_WARN_ABOUT_RETURN_TYPE = YES;
				GCC_WARN_UNUSED_VARIABLE = YES;
				IPHONEOS_DEPLOYMENT_TARGET = 4.3;
				SDKROOT = iphoneos;
			};
			name = Debug;
		};
		4C41458813F810CA005332D6 /* Release */ = {
			isa = XCBuildConfiguration;
			buildSettings = {
				ALWAYS_SEARCH_USER_PATHS = NO;
				ARCHS = "$(ARCHS_STANDARD_32_BIT)";
				"CODE_SIGN_IDENTITY[sdk=iphoneos*]" = "iPhone Developer";
				COPY_PHASE_STRIP = YES;
				GCC_C_LANGUAGE_STANDARD = gnu99;
				GCC_VERSION = com.apple.compilers.llvmgcc42;
				GCC_WARN_ABOUT_MISSING_PROTOTYPES = YES;
				GCC_WARN_ABOUT_RETURN_TYPE = YES;
				GCC_WARN_UNUSED_VARIABLE = YES;
				IPHONEOS_DEPLOYMENT_TARGET = 4.3;
				OTHER_CFLAGS = "-DNS_BLOCK_ASSERTIONS=1";
				SDKROOT = iphoneos;
				VALIDATE_PRODUCT = YES;
			};
			name = Release;
		};
		4C41458A13F810CA005332D6 /* Debug */ = {
			isa = XCBuildConfiguration;
			buildSettings = {
				GCC_PRECOMPILE_PREFIX_HEADER = YES;
				GCC_PREFIX_HEADER = "TPMultiLayoutViewControllerTest/TPMultiLayoutViewControllerTest-Prefix.pch";
				INFOPLIST_FILE = "TPMultiLayoutViewControllerTest/TPMultiLayoutViewControllerTest-Info.plist";
				PRODUCT_NAME = "$(TARGET_NAME)";
				WRAPPER_EXTENSION = app;
			};
			name = Debug;
		};
		4C41458B13F810CA005332D6 /* Release */ = {
			isa = XCBuildConfiguration;
			buildSettings = {
				GCC_PRECOMPILE_PREFIX_HEADER = YES;
				GCC_PREFIX_HEADER = "TPMultiLayoutViewControllerTest/TPMultiLayoutViewControllerTest-Prefix.pch";
				INFOPLIST_FILE = "TPMultiLayoutViewControllerTest/TPMultiLayoutViewControllerTest-Info.plist";
				PRODUCT_NAME = "$(TARGET_NAME)";
				WRAPPER_EXTENSION = app;
			};
			name = Release;
		};
/* End XCBuildConfiguration section */

/* Begin XCConfigurationList section */
		4C41456213F810C9005332D6 /* Build configuration list for PBXProject "TPMultiLayoutViewControllerTest" */ = {
			isa = XCConfigurationList;
			buildConfigurations = (
				4C41458713F810CA005332D6 /* Debug */,
				4C41458813F810CA005332D6 /* Release */,
			);
			defaultConfigurationIsVisible = 0;
			defaultConfigurationName = Release;
		};
		4C41458913F810CA005332D6 /* Build configuration list for PBXNativeTarget "TPMultiLayoutViewControllerTest" */ = {
			isa = XCConfigurationList;
			buildConfigurations = (
				4C41458A13F810CA005332D6 /* Debug */,
				4C41458B13F810CA005332D6 /* Release */,
			);
			defaultConfigurationIsVisible = 0;
			defaultConfigurationName = Release;
		};
/* End XCConfigurationList section */
	};
	rootObject = 4C41455F13F810C9005332D6 /* Project object */;
}
